
Microsoft Visual Studio Solution File, Format Version 12.00
# Visual Studio Version 16
VisualStudioVersion = 16.0.30413.136
MinimumVisualStudioVersion = 10.0.40219.1
Project("{9A19103F-16F7-4668-BE54-9A1E7A4F7556}") = "AdventOfCode2020", "AdventOfCode2020\AdventOfCode2020.csproj", "{0F96C378-C045-4D62-BCD9-0992A70F8983}"
EndProject
Project("{9A19103F-16F7-4668-BE54-9A1E7A4F7556}") = "Day01", "Day01\Day01.csproj", "{7D8E1903-90D0-4BD0-991B-D47A626B6945}"
EndProject
Project("{9A19103F-16F7-4668-BE54-9A1E7A4F7556}") = "Day01Tests", "Day01Tests\Day01Tests.csproj", "{8706B7A4-D0AE-4685-8D89-BE3549016EF7}"
EndProject
Project("{FAE04EC0-301F-11D3-BF4B-00C04F79EFBC}") = "Day02", "Day02\Day02.csproj", "{5FC5FF33-E152-48C7-85DB-542CC0DA0BC0}"
EndProject
Project("{FAE04EC0-301F-11D3-BF4B-00C04F79EFBC}") = "Day02Tests", "Day02Tests\Day02Tests.csproj", "{B58692C6-FA27-49FE-89F9-8AE434EE6F13}"
EndProject
Global
	GlobalSection(SolutionConfigurationPlatforms) = preSolution
		Debug|Any CPU = Debug|Any CPU
		Release|Any CPU = Release|Any CPU
	EndGlobalSection
	GlobalSection(ProjectConfigurationPlatforms) = postSolution
		{0F96C378-C045-4D62-BCD9-0992A70F8983}.Debug|Any CPU.ActiveCfg = Debug|Any CPU
		{0F96C378-C045-4D62-BCD9-0992A70F8983}.Debug|Any CPU.Build.0 = Debug|Any CPU
		{0F96C378-C045-4D62-BCD9-0992A70F8983}.Release|Any CPU.ActiveCfg = Release|Any CPU
		{0F96C378-C045-4D62-BCD9-0992A70F8983}.Release|Any CPU.Build.0 = Release|Any CPU
		{7D8E1903-90D0-4BD0-991B-D47A626B6945}.Debug|Any CPU.ActiveCfg = Debug|Any CPU
		{7D8E1903-90D0-4BD0-991B-D47A626B6945}.Debug|Any CPU.Build.0 = Debug|Any CPU
		{7D8E1903-90D0-4BD0-991B-D47A626B6945}.Release|Any CPU.ActiveCfg = Release|Any CPU
		{7D8E1903-90D0-4BD0-991B-D47A626B6945}.Release|Any CPU.Build.0 = Release|Any CPU
		{8706B7A4-D0AE-4685-8D89-BE3549016EF7}.Debug|Any CPU.ActiveCfg = Debug|Any CPU
		{8706B7A4-D0AE-4685-8D89-BE3549016EF7}.Debug|Any CPU.Build.0 = Debug|Any CPU
		{8706B7A4-D0AE-4685-8D89-BE3549016EF7}.Release|Any CPU.ActiveCfg = Release|Any CPU
		{8706B7A4-D0AE-4685-8D89-BE3549016EF7}.Release|Any CPU.Build.0 = Release|Any CPU
		{5FC5FF33-E152-48C7-85DB-542CC0DA0BC0}.Debug|Any CPU.ActiveCfg = Debug|Any CPU
		{5FC5FF33-E152-48C7-85DB-542CC0DA0BC0}.Debug|Any CPU.Build.0 = Debug|Any CPU
		{5FC5FF33-E152-48C7-85DB-542CC0DA0BC0}.Release|Any CPU.ActiveCfg = Release|Any CPU
		{5FC5FF33-E152-48C7-85DB-542CC0DA0BC0}.Release|Any CPU.Build.0 = Release|Any CPU
		{B58692C6-FA27-49FE-89F9-8AE434EE6F13}.Debug|Any CPU.ActiveCfg = Debug|Any CPU
		{B58692C6-FA27-49FE-89F9-8AE434EE6F13}.Debug|Any CPU.Build.0 = Debug|Any CPU
		{B58692C6-FA27-49FE-89F9-8AE434EE6F13}.Release|Any CPU.ActiveCfg = Release|Any CPU
		{B58692C6-FA27-49FE-89F9-8AE434EE6F13}.Release|Any CPU.Build.0 = Release|Any CPU
	EndGlobalSection
	GlobalSection(SolutionProperties) = preSolution
		HideSolutionNode = FALSE
	EndGlobalSection
	GlobalSection(ExtensibilityGlobals) = postSolution
		SolutionGuid = {0FBCD436-433E-4D55-B725-ACC8FDB8FA78}
	EndGlobalSection
EndGlobal
